// !$*UTF8*$!
{
	archiveVersion = 1;
	classes = {
	};
	objectVersion = 50;
	objects = {

/* Begin PBXBuildFile section */
		CF08B4C627CFA5EF00E32949 /* LandmarkRow.swift in Sources */ = {isa = PBXBuildFile; fileRef = CF08B4C527CFA5EF00E32949 /* LandmarkRow.swift */; };
		CF08B4D327CFC7DE00E32949 /* LandmarkList.swift in Sources */ = {isa = PBXBuildFile; fileRef = CF08B4D227CFC7DE00E32949 /* LandmarkList.swift */; };
		CF08B4D627CFCECC00E32949 /* LandmarkDetail.swift in Sources */ = {isa = PBXBuildFile; fileRef = CF08B4D527CFCECC00E32949 /* LandmarkDetail.swift */; };
		CF1A4D5D27C8FEE00079C55A /* CircleImage.swift in Sources */ = {isa = PBXBuildFile; fileRef = CF1A4D5C27C8FEE00079C55A /* CircleImage.swift */; };
		CF1A4D6027C91C720079C55A /* MapView.swift in Sources */ = {isa = PBXBuildFile; fileRef = CF1A4D5F27C91C720079C55A /* MapView.swift */; };
		CF3321AD27CAD76D00817CC5 /* landmarkData.json in Resources */ = {isa = PBXBuildFile; fileRef = CF3321AC27CAD76D00817CC5 /* landmarkData.json */; };
		CF3321B027CAD78F00817CC5 /* Landmark.swift in Sources */ = {isa = PBXBuildFile; fileRef = CF3321AF27CAD78F00817CC5 /* Landmark.swift */; };
		CF3321B327CADD3C00817CC5 /* ModelData.swift in Sources */ = {isa = PBXBuildFile; fileRef = CF3321B227CADD3C00817CC5 /* ModelData.swift */; };
		CFDBCD7927C8F553009CDCE0 /* LandmarksApp.swift in Sources */ = {isa = PBXBuildFile; fileRef = CFDBCD7827C8F553009CDCE0 /* LandmarksApp.swift */; };
		CFDBCD7B27C8F553009CDCE0 /* ContentView.swift in Sources */ = {isa = PBXBuildFile; fileRef = CFDBCD7A27C8F553009CDCE0 /* ContentView.swift */; };
		CFDBCD7D27C8F554009CDCE0 /* Assets.xcassets in Resources */ = {isa = PBXBuildFile; fileRef = CFDBCD7C27C8F554009CDCE0 /* Assets.xcassets */; };
		CFDBCD8027C8F554009CDCE0 /* Preview Assets.xcassets in Resources */ = {isa = PBXBuildFile; fileRef = CFDBCD7F27C8F554009CDCE0 /* Preview Assets.xcassets */; };
		CFE1134C27D23C2C007DC310 /* FullMapView.swift in Sources */ = {isa = PBXBuildFile; fileRef = CFE1134B27D23C2C007DC310 /* FullMapView.swift */; };
		CFF874F927D79C5000617A26 /* FavoriteButton.swift in Sources */ = {isa = PBXBuildFile; fileRef = CFF874F827D79C5000617A26 /* FavoriteButton.swift */; };
		D04AA6012B5EF5D400E067A9 /* Launch Screen.storyboard in Resources */ = {isa = PBXBuildFile; fileRef = D04AA6002B5EF5D400E067A9 /* Launch Screen.storyboard */; };
		ED0D8FA8280A056200C8CAFA /* CategoriesHome.swift in Sources */ = {isa = PBXBuildFile; fileRef = ED0D8FA7280A056200C8CAFA /* CategoriesHome.swift */; };
		ED0D8FAA280A091700C8CAFA /* CategoriesRow.swift in Sources */ = {isa = PBXBuildFile; fileRef = ED0D8FA9280A091700C8CAFA /* CategoriesRow.swift */; };
		ED0D8FAC280A171500C8CAFA /* CategoryItem.swift in Sources */ = {isa = PBXBuildFile; fileRef = ED0D8FAB280A171500C8CAFA /* CategoryItem.swift */; };
/* End PBXBuildFile section */

/* Begin PBXFileReference section */
		CF08B4C527CFA5EF00E32949 /* LandmarkRow.swift */ = {isa = PBXFileReference; lastKnownFileType = sourcecode.swift; path = LandmarkRow.swift; sourceTree = "<group>"; };
		CF08B4D227CFC7DE00E32949 /* LandmarkList.swift */ = {isa = PBXFileReference; lastKnownFileType = sourcecode.swift; path = LandmarkList.swift; sourceTree = "<group>"; };
		CF08B4D527CFCECC00E32949 /* LandmarkDetail.swift */ = {isa = PBXFileReference; lastKnownFileType = sourcecode.swift; path = LandmarkDetail.swift; sourceTree = "<group>"; };
		CF1A4D5C27C8FEE00079C55A /* CircleImage.swift */ = {isa = PBXFileReference; lastKnownFileType = sourcecode.swift; path = CircleImage.swift; sourceTree = "<group>"; };
		CF1A4D5F27C91C720079C55A /* MapView.swift */ = {isa = PBXFileReference; lastKnownFileType = sourcecode.swift; path = MapView.swift; sourceTree = "<group>"; };
		CF3321AC27CAD76D00817CC5 /* landmarkData.json */ = {isa = PBXFileReference; fileEncoding = 4; lastKnownFileType = text.json; path = landmarkData.json; sourceTree = "<group>"; };
		CF3321AF27CAD78F00817CC5 /* Landmark.swift */ = {isa = PBXFileReference; lastKnownFileType = sourcecode.swift; path = Landmark.swift; sourceTree = "<group>"; };
		CF3321B227CADD3C00817CC5 /* ModelData.swift */ = {isa = PBXFileReference; lastKnownFileType = sourcecode.swift; path = ModelData.swift; sourceTree = "<group>"; };
		CFDBCD7527C8F553009CDCE0 /* Landmarks.app */ = {isa = PBXFileReference; explicitFileType = wrapper.application; includeInIndex = 0; path = Landmarks.app; sourceTree = BUILT_PRODUCTS_DIR; };
		CFDBCD7827C8F553009CDCE0 /* LandmarksApp.swift */ = {isa = PBXFileReference; lastKnownFileType = sourcecode.swift; path = LandmarksApp.swift; sourceTree = "<group>"; };
		CFDBCD7A27C8F553009CDCE0 /* ContentView.swift */ = {isa = PBXFileReference; lastKnownFileType = sourcecode.swift; path = ContentView.swift; sourceTree = "<group>"; };
		CFDBCD7C27C8F554009CDCE0 /* Assets.xcassets */ = {isa = PBXFileReference; lastKnownFileType = folder.assetcatalog; path = Assets.xcassets; sourceTree = "<group>"; };
		CFDBCD7F27C8F554009CDCE0 /* Preview Assets.xcassets */ = {isa = PBXFileReference; lastKnownFileType = folder.assetcatalog; path = "Preview Assets.xcassets"; sourceTree = "<group>"; };
		CFDBCD8127C8F554009CDCE0 /* Info.plist */ = {isa = PBXFileReference; lastKnownFileType = text.plist.xml; path = Info.plist; sourceTree = "<group>"; };
		CFE1134B27D23C2C007DC310 /* FullMapView.swift */ = {isa = PBXFileReference; lastKnownFileType = sourcecode.swift; path = FullMapView.swift; sourceTree = "<group>"; };
		CFF874F827D79C5000617A26 /* FavoriteButton.swift */ = {isa = PBXFileReference; lastKnownFileType = sourcecode.swift; path = FavoriteButton.swift; sourceTree = "<group>"; };
		D04AA6002B5EF5D400E067A9 /* Launch Screen.storyboard */ = {isa = PBXFileReference; lastKnownFileType = file.storyboard; path = "Launch Screen.storyboard"; sourceTree = "<group>"; };
		ED0D8FA7280A056200C8CAFA /* CategoriesHome.swift */ = {isa = PBXFileReference; lastKnownFileType = sourcecode.swift; path = CategoriesHome.swift; sourceTree = "<group>"; };
		ED0D8FA9280A091700C8CAFA /* CategoriesRow.swift */ = {isa = PBXFileReference; lastKnownFileType = sourcecode.swift; path = CategoriesRow.swift; sourceTree = "<group>"; };
		ED0D8FAB280A171500C8CAFA /* CategoryItem.swift */ = {isa = PBXFileReference; lastKnownFileType = sourcecode.swift; path = CategoryItem.swift; sourceTree = "<group>"; };
/* End PBXFileReference section */

/* Begin PBXFrameworksBuildPhase section */
		CFDBCD7227C8F553009CDCE0 /* Frameworks */ = {
			isa = PBXFrameworksBuildPhase;
			buildActionMask = 2147483647;
			files = (
			);
			runOnlyForDeploymentPostprocessing = 0;
		};
/* End PBXFrameworksBuildPhase section */

/* Begin PBXGroup section */
		CF3321B627CADEF600817CC5 /* Views */ = {
			isa = PBXGroup;
			children = (
				ED0D8FA6280A055400C8CAFA /* Categories */,
				CFF874FB27D7A29300617A26 /* Landmarks */,
				CFDBCD7A27C8F553009CDCE0 /* ContentView.swift */,
				CFF874FC27D7A2A200617A26 /* Helpers */,
			);
			path = Views;
			sourceTree = "<group>";
		};
		CF3321B827CADF0300817CC5 /* Model */ = {
			isa = PBXGroup;
			children = (
				CF3321AF27CAD78F00817CC5 /* Landmark.swift */,
				CF3321B227CADD3C00817CC5 /* ModelData.swift */,
			);
			path = Model;
			sourceTree = "<group>";
		};
		CF3321BA27CADF0900817CC5 /* Resources */ = {
			isa = PBXGroup;
			children = (
				CF3321AC27CAD76D00817CC5 /* landmarkData.json */,
			);
			path = Resources;
			sourceTree = "<group>";
		};
		CFDBCD6C27C8F553009CDCE0 = {
			isa = PBXGroup;
			children = (
				CFDBCD7727C8F553009CDCE0 /* Landmarks */,
				CFDBCD7627C8F553009CDCE0 /* Products */,
			);
			sourceTree = "<group>";
		};
		CFDBCD7627C8F553009CDCE0 /* Products */ = {
			isa = PBXGroup;
			children = (
				CFDBCD7527C8F553009CDCE0 /* Landmarks.app */,
			);
			name = Products;
			sourceTree = "<group>";
		};
		CFDBCD7727C8F553009CDCE0 /* Landmarks */ = {
			isa = PBXGroup;
			children = (
				CFDBCD7827C8F553009CDCE0 /* LandmarksApp.swift */,
				D04AA6002B5EF5D400E067A9 /* Launch Screen.storyboard */,
				CF3321B627CADEF600817CC5 /* Views */,
				CF3321BA27CADF0900817CC5 /* Resources */,
				CF3321B827CADF0300817CC5 /* Model */,
				CFDBCD7C27C8F554009CDCE0 /* Assets.xcassets */,
				CFDBCD8127C8F554009CDCE0 /* Info.plist */,
				CFDBCD7E27C8F554009CDCE0 /* Preview Content */,
			);
			path = Landmarks;
			sourceTree = "<group>";
		};
		CFDBCD7E27C8F554009CDCE0 /* Preview Content */ = {
			isa = PBXGroup;
			children = (
				CFDBCD7F27C8F554009CDCE0 /* Preview Assets.xcassets */,
			);
			path = "Preview Content";
			sourceTree = "<group>";
		};
		CFF874FB27D7A29300617A26 /* Landmarks */ = {
			isa = PBXGroup;
			children = (
				CFE1134B27D23C2C007DC310 /* FullMapView.swift */,
				CF08B4C527CFA5EF00E32949 /* LandmarkRow.swift */,
				CF08B4D227CFC7DE00E32949 /* LandmarkList.swift */,
				CF08B4D527CFCECC00E32949 /* LandmarkDetail.swift */,
			);
			path = Landmarks;
			sourceTree = "<group>";
		};
		CFF874FC27D7A2A200617A26 /* Helpers */ = {
			isa = PBXGroup;
			children = (
				CF1A4D5F27C91C720079C55A /* MapView.swift */,
				CFF874F827D79C5000617A26 /* FavoriteButton.swift */,
				CF1A4D5C27C8FEE00079C55A /* CircleImage.swift */,
			);
			path = Helpers;
			sourceTree = "<group>";
		};
		ED0D8FA6280A055400C8CAFA /* Categories */ = {
			isa = PBXGroup;
			children = (
				ED0D8FA7280A056200C8CAFA /* CategoriesHome.swift */,
				ED0D8FA9280A091700C8CAFA /* CategoriesRow.swift */,
				ED0D8FAB280A171500C8CAFA /* CategoryItem.swift */,
			);
			path = Categories;
			sourceTree = "<group>";
		};
/* End PBXGroup section */

/* Begin PBXNativeTarget section */
		CFDBCD7427C8F553009CDCE0 /* Landmarks */ = {
			isa = PBXNativeTarget;
			buildConfigurationList = CFDBCD8427C8F554009CDCE0 /* Build configuration list for PBXNativeTarget "Landmarks" */;
			buildPhases = (
				CFDBCD7127C8F553009CDCE0 /* Sources */,
				CFDBCD7227C8F553009CDCE0 /* Frameworks */,
				CFDBCD7327C8F553009CDCE0 /* Resources */,
			);
			buildRules = (
			);
			dependencies = (
			);
			name = Landmarks;
			productName = Landmarks;
			productReference = CFDBCD7527C8F553009CDCE0 /* Landmarks.app */;
			productType = "com.apple.product-type.application";
		};
/* End PBXNativeTarget section */

/* Begin PBXProject section */
		CFDBCD6D27C8F553009CDCE0 /* Project object */ = {
			isa = PBXProject;
			attributes = {
				LastSwiftUpdateCheck = 1240;
				LastUpgradeCheck = 1240;
				TargetAttributes = {
					CFDBCD7427C8F553009CDCE0 = {
						CreatedOnToolsVersion = 12.4;
					};
				};
			};
			buildConfigurationList = CFDBCD7027C8F553009CDCE0 /* Build configuration list for PBXProject "Landmarks" */;
			compatibilityVersion = "Xcode 9.3";
			developmentRegion = en;
			hasScannedForEncodings = 0;
			knownRegions = (
				en,
				Base,
			);
			mainGroup = CFDBCD6C27C8F553009CDCE0;
			productRefGroup = CFDBCD7627C8F553009CDCE0 /* Products */;
			projectDirPath = "";
			projectRoot = "";
			targets = (
				CFDBCD7427C8F553009CDCE0 /* Landmarks */,
			);
		};
/* End PBXProject section */

/* Begin PBXResourcesBuildPhase section */
		CFDBCD7327C8F553009CDCE0 /* Resources */ = {
			isa = PBXResourcesBuildPhase;
			buildActionMask = 2147483647;
			files = (
				CFDBCD8027C8F554009CDCE0 /* Preview Assets.xcassets in Resources */,
				CFDBCD7D27C8F554009CDCE0 /* Assets.xcassets in Resources */,
				D04AA6012B5EF5D400E067A9 /* Launch Screen.storyboard in Resources */,
				CF3321AD27CAD76D00817CC5 /* landmarkData.json in Resources */,
			);
			runOnlyForDeploymentPostprocessing = 0;
		};
/* End PBXResourcesBuildPhase section */

/* Begin PBXSourcesBuildPhase section */
		CFDBCD7127C8F553009CDCE0 /* Sources */ = {
			isa = PBXSourcesBuildPhase;
			buildActionMask = 2147483647;
			files = (
				CFDBCD7B27C8F553009CDCE0 /* ContentView.swift in Sources */,
				CF1A4D6027C91C720079C55A /* MapView.swift in Sources */,
				CFDBCD7927C8F553009CDCE0 /* LandmarksApp.swift in Sources */,
				CF08B4D327CFC7DE00E32949 /* LandmarkList.swift in Sources */,
				CFE1134C27D23C2C007DC310 /* FullMapView.swift in Sources */,
				CF08B4D627CFCECC00E32949 /* LandmarkDetail.swift in Sources */,
				ED0D8FA8280A056200C8CAFA /* CategoriesHome.swift in Sources */,
				CF1A4D5D27C8FEE00079C55A /* CircleImage.swift in Sources */,
				CF3321B027CAD78F00817CC5 /* Landmark.swift in Sources */,
				CF08B4C627CFA5EF00E32949 /* LandmarkRow.swift in Sources */,
				ED0D8FAC280A171500C8CAFA /* CategoryItem.swift in Sources */,
				CFF874F927D79C5000617A26 /* FavoriteButton.swift in Sources */,
				ED0D8FAA280A091700C8CAFA /* CategoriesRow.swift in Sources */,
				CF3321B327CADD3C00817CC5 /* ModelData.swift in Sources */,
			);
			runOnlyForDeploymentPostprocessing = 0;
		};
/* End PBXSourcesBuildPhase section */

/* Begin XCBuildConfiguration section */
		CFDBCD8227C8F554009CDCE0 /* Debug */ = {
			isa = XCBuildConfiguration;
			buildSettings = {
				ALWAYS_SEARCH_USER_PATHS = NO;
				CLANG_ANALYZER_NONNULL = YES;
				CLANG_ANALYZER_NUMBER_OBJECT_CONVERSION = YES_AGGRESSIVE;
				CLANG_CXX_LANGUAGE_STANDARD = "gnu++14";
				CLANG_CXX_LIBRARY = "libc++";
				CLANG_ENABLE_MODULES = YES;
				CLANG_ENABLE_OBJC_ARC = YES;
				CLANG_ENABLE_OBJC_WEAK = YES;
				CLANG_WARN_BLOCK_CAPTURE_AUTORELEASING = YES;
				CLANG_WARN_BOOL_CONVERSION = YES;
				CLANG_WARN_COMMA = YES;
				CLANG_WARN_CONSTANT_CONVERSION = YES;
				CLANG_WARN_DEPRECATED_OBJC_IMPLEMENTATIONS = YES;
				CLANG_WARN_DIRECT_OBJC_ISA_USAGE = YES_ERROR;
				CLANG_WARN_DOCUMENTATION_COMMENTS = YES;
				CLANG_WARN_EMPTY_BODY = YES;
				CLANG_WARN_ENUM_CONVERSION = YES;
				CLANG_WARN_INFINITE_RECURSION = YES;
				CLANG_WARN_INT_CONVERSION = YES;
				CLANG_WARN_NON_LITERAL_NULL_CONVERSION = YES;
				CLANG_WARN_OBJC_IMPLICIT_RETAIN_SELF = YES;
				CLANG_WARN_OBJC_LITERAL_CONVERSION = YES;
				CLANG_WARN_OBJC_ROOT_CLASS = YES_ERROR;
				CLANG_WARN_QUOTED_INCLUDE_IN_FRAMEWORK_HEADER = YES;
				CLANG_WARN_RANGE_LOOP_ANALYSIS = YES;
				CLANG_WARN_STRICT_PROTOTYPES = YES;
				CLANG_WARN_SUSPICIOUS_MOVE = YES;
				CLANG_WARN_UNGUARDED_AVAILABILITY = YES_AGGRESSIVE;
				CLANG_WARN_UNREACHABLE_CODE = YES;
				CLANG_WARN__DUPLICATE_METHOD_MATCH = YES;
				COPY_PHASE_STRIP = NO;
				DEBUG_INFORMATION_FORMAT = dwarf;
				ENABLE_STRICT_OBJC_MSGSEND = YES;
				ENABLE_TESTABILITY = YES;
				GCC_C_LANGUAGE_STANDARD = gnu11;
				GCC_DYNAMIC_NO_PIC = NO;
				GCC_NO_COMMON_BLOCKS = YES;
				GCC_OPTIMIZATION_LEVEL = 0;
				GCC_PREPROCESSOR_DEFINITIONS = (
					"DEBUG=1",
					"$(inherited)",
				);
				GCC_WARN_64_TO_32_BIT_CONVERSION = YES;
				GCC_WARN_ABOUT_RETURN_TYPE = YES_ERROR;
				GCC_WARN_UNDECLARED_SELECTOR = YES;
				GCC_WARN_UNINITIALIZED_AUTOS = YES_AGGRESSIVE;
				GCC_WARN_UNUSED_FUNCTION = YES;
				GCC_WARN_UNUSED_VARIABLE = YES;
				IPHONEOS_DEPLOYMENT_TARGET = 14.4;
				MTL_ENABLE_DEBUG_INFO = INCLUDE_SOURCE;
				MTL_FAST_MATH = YES;
				ONLY_ACTIVE_ARCH = YES;
				SDKROOT = iphoneos;
				SWIFT_ACTIVE_COMPILATION_CONDITIONS = DEBUG;
				SWIFT_OPTIMIZATION_LEVEL = "-Onone";
			};
			name = Debug;
		};
		CFDBCD8327C8F554009CDCE0 /* Release */ = {
			isa = XCBuildConfiguration;
			buildSettings = {
				ALWAYS_SEARCH_USER_PATHS = NO;
				CLANG_ANALYZER_NONNULL = YES;
				CLANG_ANALYZER_NUMBER_OBJECT_CONVERSION = YES_AGGRESSIVE;
				CLANG_CXX_LANGUAGE_STANDARD = "gnu++14";
				CLANG_CXX_LIBRARY = "libc++";
				CLANG_ENABLE_MODULES = YES;
				CLANG_ENABLE_OBJC_ARC = YES;
				CLANG_ENABLE_OBJC_WEAK = YES;
				CLANG_WARN_BLOCK_CAPTURE_AUTORELEASING = YES;
				CLANG_WARN_BOOL_CONVERSION = YES;
				CLANG_WARN_COMMA = YES;
				CLANG_WARN_CONSTANT_CONVERSION = YES;
				CLANG_WARN_DEPRECATED_OBJC_IMPLEMENTATIONS = YES;
				CLANG_WARN_DIRECT_OBJC_ISA_USAGE = YES_ERROR;
				CLANG_WARN_DOCUMENTATION_COMMENTS = YES;
				CLANG_WARN_EMPTY_BODY = YES;
				CLANG_WARN_ENUM_CONVERSION = YES;
				CLANG_WARN_INFINITE_RECURSION = YES;
				CLANG_WARN_INT_CONVERSION = YES;
				CLANG_WARN_NON_LITERAL_NULL_CONVERSION = YES;
				CLANG_WARN_OBJC_IMPLICIT_RETAIN_SELF = YES;
				CLANG_WARN_OBJC_LITERAL_CONVERSION = YES;
				CLANG_WARN_OBJC_ROOT_CLASS = YES_ERROR;
				CLANG_WARN_QUOTED_INCLUDE_IN_FRAMEWORK_HEADER = YES;
				CLANG_WARN_RANGE_LOOP_ANALYSIS = YES;
				CLANG_WARN_STRICT_PROTOTYPES = YES;
				CLANG_WARN_SUSPICIOUS_MOVE = YES;
				CLANG_WARN_UNGUARDED_AVAILABILITY = YES_AGGRESSIVE;
				CLANG_WARN_UNREACHABLE_CODE = YES;
				CLANG_WARN__DUPLICATE_METHOD_MATCH = YES;
				COPY_PHASE_STRIP = NO;
				DEBUG_INFORMATION_FORMAT = "dwarf-with-dsym";
				ENABLE_NS_ASSERTIONS = NO;
				ENABLE_STRICT_OBJC_MSGSEND = YES;
				GCC_C_LANGUAGE_STANDARD = gnu11;
				GCC_NO_COMMON_BLOCKS = YES;
				GCC_WARN_64_TO_32_BIT_CONVERSION = YES;
				GCC_WARN_ABOUT_RETURN_TYPE = YES_ERROR;
				GCC_WARN_UNDECLARED_SELECTOR = YES;
				GCC_WARN_UNINITIALIZED_AUTOS = YES_AGGRESSIVE;
				GCC_WARN_UNUSED_FUNCTION = YES;
				GCC_WARN_UNUSED_VARIABLE = YES;
				IPHONEOS_DEPLOYMENT_TARGET = 14.4;
				MTL_ENABLE_DEBUG_INFO = NO;
				MTL_FAST_MATH = YES;
				SDKROOT = iphoneos;
				SWIFT_COMPILATION_MODE = wholemodule;
				SWIFT_OPTIMIZATION_LEVEL = "-O";
				VALIDATE_PRODUCT = YES;
			};
			name = Release;
		};
		CFDBCD8527C8F554009CDCE0 /* Debug */ = {
			isa = XCBuildConfiguration;
			buildSettings = {
				ASSETCATALOG_COMPILER_APPICON_NAME = AppIcon;
				ASSETCATALOG_COMPILER_GLOBAL_ACCENT_COLOR_NAME = AccentColor;
				CODE_SIGN_STYLE = Automatic;
				DEVELOPMENT_ASSET_PATHS = "\"Landmarks/Preview Content\"";
				DEVELOPMENT_TEAM = 9R2VD97LJ8;
				ENABLE_PREVIEWS = YES;
				INFOPLIST_FILE = Landmarks/Info.plist;
				IPHONEOS_DEPLOYMENT_TARGET = 15.2;
				LD_RUNPATH_SEARCH_PATHS = (
					"$(inherited)",
					"@executable_path/Frameworks",
				);
				PRODUCT_BUNDLE_IDENTIFIER = joaomauricio.Landmarks;
				PRODUCT_NAME = "$(TARGET_NAME)";
				SWIFT_INCLUDE_PATHS = "";
				SWIFT_VERSION = 5.0;
				TARGETED_DEVICE_FAMILY = "1,2";
			};
			name = Debug;
		};
		CFDBCD8627C8F554009CDCE0 /* Release */ = {
			isa = XCBuildConfiguration;
			buildSettings = {
				ASSETCATALOG_COMPILER_APPICON_NAME = AppIcon;
				ASSETCATALOG_COMPILER_GLOBAL_ACCENT_COLOR_NAME = AccentColor;
				CODE_SIGN_STYLE = Automatic;
				DEVELOPMENT_ASSET_PATHS = "\"Landmarks/Preview Content\"";
				DEVELOPMENT_TEAM = 9R2VD97LJ8;
				ENABLE_PREVIEWS = YES;
				INFOPLIST_FILE = Landmarks/Info.plist;
				IPHONEOS_DEPLOYMENT_TARGET = 15.2;
				LD_RUNPATH_SEARCH_PATHS = (
					"$(inherited)",
					"@executable_path/Frameworks",
				);
				PRODUCT_BUNDLE_IDENTIFIER = joaomauricio.Landmarks;
				PRODUCT_NAME = "$(TARGET_NAME)";
				SWIFT_INCLUDE_PATHS = "";
				SWIFT_VERSION = 5.0;
				TARGETED_DEVICE_FAMILY = "1,2";
			};
			name = Release;
		};
/* End XCBuildConfiguration section */

/* Begin XCConfigurationList section */
		CFDBCD7027C8F553009CDCE0 /* Build configuration list for PBXProject "Landmarks" */ = {
			isa = XCConfigurationList;
			buildConfigurations = (
				CFDBCD8227C8F554009CDCE0 /* Debug */,
				CFDBCD8327C8F554009CDCE0 /* Release */,
			);
			defaultConfigurationIsVisible = 0;
			defaultConfigurationName = Release;
		};
		CFDBCD8427C8F554009CDCE0 /* Build configuration list for PBXNativeTarget "Landmarks" */ = {
			isa = XCConfigurationList;
			buildConfigurations = (
				CFDBCD8527C8F554009CDCE0 /* Debug */,
				CFDBCD8627C8F554009CDCE0 /* Release */,
			);
			defaultConfigurationIsVisible = 0;
			defaultConfigurationName = Release;
		};
/* End XCConfigurationList section */
	};
	rootObject = CFDBCD6D27C8F553009CDCE0 /* Project object */;
}
